
Microsoft Visual Studio Solution File, Format Version 12.00
# Visual Studio 15
VisualStudioVersion = 15.0.27004.2009
MinimumVisualStudioVersion = 10.0.40219.1
Project("{FAE04EC0-301F-11D3-BF4B-00C04F79EFBC}") = "30_Days_of_Code", "30_Days_of_Code\30_Days_of_Code.csproj", "{4A3D0DA2-FEB7-435A-B902-A50C3A22E8F0}"
EndProject
Global
	GlobalSection(SolutionConfigurationPlatforms) = preSolution
		Debug|Any CPU = Debug|Any CPU
		Release|Any CPU = Release|Any CPU
	EndGlobalSection
	GlobalSection(ProjectConfigurationPlatforms) = postSolution
		{4A3D0DA2-FEB7-435A-B902-A50C3A22E8F0}.Debug|Any CPU.ActiveCfg = Debug|Any CPU
		{4A3D0DA2-FEB7-435A-B902-A50C3A22E8F0}.Debug|Any CPU.Build.0 = Debug|Any CPU
		{4A3D0DA2-FEB7-435A-B902-A50C3A22E8F0}.Release|Any CPU.ActiveCfg = Release|Any CPU
		{4A3D0DA2-FEB7-435A-B902-A50C3A22E8F0}.Release|Any CPU.Build.0 = Release|Any CPU
	EndGlobalSection
	GlobalSection(SolutionProperties) = preSolution
		HideSolutionNode = FALSE
	EndGlobalSection
	GlobalSection(ExtensibilityGlobals) = postSolution
		SolutionGuid = {ADD15F38-6ACD-47C5-A0A8-979128DDAA8A}
	EndGlobalSection
EndGlobal
